
Microsoft Visual Studio Solution File, Format Version 12.00
# Visual Studio Version 17
VisualStudioVersion = 17.10.35013.160
MinimumVisualStudioVersion = 10.0.40219.1
Project("{FAE04EC0-301F-11D3-BF4B-00C04F79EFBC}") = "Lernung", "Lernung.csproj", "{D00CB217-C754-4FB0-8F8E-956452686904}"
EndProject
Project("{FAE04EC0-301F-11D3-BF4B-00C04F79EFBC}") = "command", "..\command\command.csproj", "{F1655897-3D8C-4B05-9629-33AD45AE3D28}"
EndProject
Project("{FAE04EC0-301F-11D3-BF4B-00C04F79EFBC}") = "TameClack", "..\TameClack\TameClack.csproj", "{904A43AD-6397-4CD5-9A25-D2E9740352EA}"
EndProject
Global
	GlobalSection(SolutionConfigurationPlatforms) = preSolution
		Debug|Any CPU = Debug|Any CPU
		Release|Any CPU = Release|Any CPU
	EndGlobalSection
	GlobalSection(ProjectConfigurationPlatforms) = postSolution
		{D00CB217-C754-4FB0-8F8E-956452686904}.Debug|Any CPU.ActiveCfg = Debug|Any CPU
		{D00CB217-C754-4FB0-8F8E-956452686904}.Debug|Any CPU.Build.0 = Debug|Any CPU
		{D00CB217-C754-4FB0-8F8E-956452686904}.Release|Any CPU.ActiveCfg = Release|Any CPU
		{D00CB217-C754-4FB0-8F8E-956452686904}.Release|Any CPU.Build.0 = Release|Any CPU
		{F1655897-3D8C-4B05-9629-33AD45AE3D28}.Debug|Any CPU.ActiveCfg = Debug|Any CPU
		{F1655897-3D8C-4B05-9629-33AD45AE3D28}.Debug|Any CPU.Build.0 = Debug|Any CPU
		{F1655897-3D8C-4B05-9629-33AD45AE3D28}.Release|Any CPU.ActiveCfg = Release|Any CPU
		{F1655897-3D8C-4B05-9629-33AD45AE3D28}.Release|Any CPU.Build.0 = Release|Any CPU
		{904A43AD-6397-4CD5-9A25-D2E9740352EA}.Debug|Any CPU.ActiveCfg = Debug|Any CPU
		{904A43AD-6397-4CD5-9A25-D2E9740352EA}.Debug|Any CPU.Build.0 = Debug|Any CPU
		{904A43AD-6397-4CD5-9A25-D2E9740352EA}.Release|Any CPU.ActiveCfg = Release|Any CPU
		{904A43AD-6397-4CD5-9A25-D2E9740352EA}.Release|Any CPU.Build.0 = Release|Any CPU
	EndGlobalSection
	GlobalSection(SolutionProperties) = preSolution
		HideSolutionNode = FALSE
	EndGlobalSection
	GlobalSection(ExtensibilityGlobals) = postSolution
		SolutionGuid = {EDF24C56-73F5-4916-B50D-1CF6A8830537}
	EndGlobalSection
EndGlobal
